
Microsoft Visual Studio Solution File, Format Version 12.00
# Visual Studio Version 16
VisualStudioVersion = 16.0.34902.97
MinimumVisualStudioVersion = 10.0.40219.1
Project("{8BC9CEB8-8B4A-11D0-8D11-00A0C91BC942}") = "homework 5.1", "homework 5.1\homework 5.1.vcxproj", "{20EDED60-1DB0-454B-91AB-51DD2C01E61C}"
EndProject
Global
	GlobalSection(SolutionConfigurationPlatforms) = preSolution
		Debug|x64 = Debug|x64
		Debug|x86 = Debug|x86
		Release|x64 = Release|x64
		Release|x86 = Release|x86
	EndGlobalSection
	GlobalSection(ProjectConfigurationPlatforms) = postSolution
		{20EDED60-1DB0-454B-91AB-51DD2C01E61C}.Debug|x64.ActiveCfg = Debug|x64
		{20EDED60-1DB0-454B-91AB-51DD2C01E61C}.Debug|x64.Build.0 = Debug|x64
		{20EDED60-1DB0-454B-91AB-51DD2C01E61C}.Debug|x86.ActiveCfg = Debug|Win32
		{20EDED60-1DB0-454B-91AB-51DD2C01E61C}.Debug|x86.Build.0 = Debug|Win32
		{20EDED60-1DB0-454B-91AB-51DD2C01E61C}.Release|x64.ActiveCfg = Release|x64
		{20EDED60-1DB0-454B-91AB-51DD2C01E61C}.Release|x64.Build.0 = Release|x64
		{20EDED60-1DB0-454B-91AB-51DD2C01E61C}.Release|x86.ActiveCfg = Release|Win32
		{20EDED60-1DB0-454B-91AB-51DD2C01E61C}.Release|x86.Build.0 = Release|Win32
	EndGlobalSection
	GlobalSection(SolutionProperties) = preSolution
		HideSolutionNode = FALSE
	EndGlobalSection
	GlobalSection(ExtensibilityGlobals) = postSolution
		SolutionGuid = {5855A59F-213E-4BE8-ACB9-D412E2C982D0}
	EndGlobalSection
EndGlobal
